{
  "requires": true,
  "lockfileVersion": 1,
  "dependencies": {
    "amdefine": {
      "version": "1.0.1",
      "resolved": "https://registry.npmjs.org/amdefine/-/amdefine-1.0.1.tgz",
      "integrity": "sha1-SlKCrBZHKek2Gbz9OtFR+BfOkfU="
    },
    "check-word": {
      "version": "1.1.0",
      "resolved": "https://registry.npmjs.org/check-word/-/check-word-1.1.0.tgz",
      "integrity": "sha1-StXBFButGXTOR/0RdvnUNpAXxHU="
    },
    "clientside-require": {
      "version": "4.7.2",
      "resolved": "https://registry.npmjs.org/clientside-require/-/clientside-require-4.7.2.tgz",
      "integrity": "sha512-FdDQeHc3UUSgIZXEqw+PLlFxo/x5dOHERV2mzHFEKAGVyJiesmQ47A2WXwYYPRFYduskpnulghBcdlwrl5iaGA==",
      "requires": {
        "dynamic-serial-promise-all": "^1.1.0"
      }
    },
    "dynamic-serial-promise-all": {
      "version": "1.1.0",
      "resolved": "https://registry.npmjs.org/dynamic-serial-promise-all/-/dynamic-serial-promise-all-1.1.0.tgz",
      "integrity": "sha512-cA4E9p23nU5VRlWJNN4ycauD4zao0/gtdqXwOinJ8+DvwOXQbnE/PaDGBL+uUW6AydhLON20dWy0F+4Bd44zbQ=="
    },
    "english": {
      "version": "0.0.0",
      "resolved": "https://registry.npmjs.org/english/-/english-0.0.0.tgz",
      "integrity": "sha1-Et86xeq1isY2M2D8c/j9Nok1WxE=",
      "requires": {
        "amdefine": ">=0.1.0",
        "lodash": "~2.4.1",
        "subject": "~0.3.3"
      }
    },
    "line-reader": {
      "version": "0.4.0",
      "resolved": "https://registry.npmjs.org/line-reader/-/line-reader-0.4.0.tgz",
      "integrity": "sha1-F+RIGNoKwzVnW6MAlU+U72cOZv0="
    },
    "lodash": {
      "version": "2.4.2",
      "resolved": "https://registry.npmjs.org/lodash/-/lodash-2.4.2.tgz",
      "integrity": "sha1-+t2DS5aDBz2hebPq5tnA0VBT9z4="
    },
    "subject": {
      "version": "0.3.3",
      "resolved": "https://registry.npmjs.org/subject/-/subject-0.3.3.tgz",
      "integrity": "sha1-0Agmtg7u4Kzbud4tWQa5lR3qbJc=",
      "requires": {
        "amdefine": ">=0.1.0",
        "lodash": "~2.4.1"
      }
    },
    "wordlist": {
      "version": "0.0.4",
      "resolved": "https://registry.npmjs.org/wordlist/-/wordlist-0.0.4.tgz",
      "integrity": "sha1-8gwqJE+tLMup3GiBnTR5kYOMSyg=",
      "requires": {
        "line-reader": "^0.4.0"
      }
    }
  }
}
